
Microsoft Visual Studio Solution File, Format Version 12.00
# Visual Studio Version 16
VisualStudioVersion = 16.0.30804.86
MinimumVisualStudioVersion = 10.0.40219.1
Project("{FAE04EC0-301F-11D3-BF4B-00C04F79EFBC}") = "MSCRM", "MSCRM\MSCRM.csproj", "{1A343EEE-E7ED-4CC1-8823-4C09083C673D}"
EndProject
Global
	GlobalSection(SolutionConfigurationPlatforms) = preSolution
		Debug|Any CPU = Debug|Any CPU
		Release|Any CPU = Release|Any CPU
	EndGlobalSection
	GlobalSection(ProjectConfigurationPlatforms) = postSolution
		{1A343EEE-E7ED-4CC1-8823-4C09083C673D}.Debug|Any CPU.ActiveCfg = Debug|Any CPU
		{1A343EEE-E7ED-4CC1-8823-4C09083C673D}.Debug|Any CPU.Build.0 = Debug|Any CPU
		{1A343EEE-E7ED-4CC1-8823-4C09083C673D}.Release|Any CPU.ActiveCfg = Release|Any CPU
		{1A343EEE-E7ED-4CC1-8823-4C09083C673D}.Release|Any CPU.Build.0 = Release|Any CPU
	EndGlobalSection
	GlobalSection(SolutionProperties) = preSolution
		HideSolutionNode = FALSE
	EndGlobalSection
	GlobalSection(ExtensibilityGlobals) = postSolution
		SolutionGuid = {2999A923-0547-495E-886A-D558723F20BB}
	EndGlobalSection
EndGlobal
